
Microsoft Visual Studio Solution File, Format Version 12.00
# Visual Studio Version 17
VisualStudioVersion = 17.3.32922.545
MinimumVisualStudioVersion = 10.0.40219.1
Project("{9A19103F-16F7-4668-BE54-9A1E7A4F7556}") = "VuLinh_BTH2_5-10", "VuLinh-BTH2\VuLinh_BTH2_5-10.csproj", "{26BC8140-2B03-41EC-81A2-128F3D00C628}"
EndProject
Global
	GlobalSection(SolutionConfigurationPlatforms) = preSolution
		Debug|Any CPU = Debug|Any CPU
		Release|Any CPU = Release|Any CPU
	EndGlobalSection
	GlobalSection(ProjectConfigurationPlatforms) = postSolution
		{26BC8140-2B03-41EC-81A2-128F3D00C628}.Debug|Any CPU.ActiveCfg = Debug|Any CPU
		{26BC8140-2B03-41EC-81A2-128F3D00C628}.Debug|Any CPU.Build.0 = Debug|Any CPU
		{26BC8140-2B03-41EC-81A2-128F3D00C628}.Release|Any CPU.ActiveCfg = Release|Any CPU
		{26BC8140-2B03-41EC-81A2-128F3D00C628}.Release|Any CPU.Build.0 = Release|Any CPU
	EndGlobalSection
	GlobalSection(SolutionProperties) = preSolution
		HideSolutionNode = FALSE
	EndGlobalSection
	GlobalSection(ExtensibilityGlobals) = postSolution
		SolutionGuid = {DB8593A7-3370-43D1-98A1-8FA21DCDE4E7}
	EndGlobalSection
EndGlobal
