
Microsoft Visual Studio Solution File, Format Version 12.00
# Visual Studio Version 17
VisualStudioVersion = 17.4.33205.214
MinimumVisualStudioVersion = 10.0.40219.1
Project("{FAE04EC0-301F-11D3-BF4B-00C04F79EFBC}") = "VuLinh001", "VuLinh001.csproj", "{CA233B50-C947-4496-B4BA-F5574D02AFBB}"
EndProject
Global
	GlobalSection(SolutionConfigurationPlatforms) = preSolution
		Debug|Any CPU = Debug|Any CPU
		Release|Any CPU = Release|Any CPU
	EndGlobalSection
	GlobalSection(ProjectConfigurationPlatforms) = postSolution
		{CA233B50-C947-4496-B4BA-F5574D02AFBB}.Debug|Any CPU.ActiveCfg = Debug|Any CPU
		{CA233B50-C947-4496-B4BA-F5574D02AFBB}.Debug|Any CPU.Build.0 = Debug|Any CPU
		{CA233B50-C947-4496-B4BA-F5574D02AFBB}.Release|Any CPU.ActiveCfg = Release|Any CPU
		{CA233B50-C947-4496-B4BA-F5574D02AFBB}.Release|Any CPU.Build.0 = Release|Any CPU
	EndGlobalSection
	GlobalSection(SolutionProperties) = preSolution
		HideSolutionNode = FALSE
	EndGlobalSection
	GlobalSection(ExtensibilityGlobals) = postSolution
		SolutionGuid = {3DCFF7C2-FEDA-409B-9DB4-85CCAD0087CA}
	EndGlobalSection
EndGlobal
