
Microsoft Visual Studio Solution File, Format Version 12.00
# Visual Studio Version 17
VisualStudioVersion = 17.3.32901.215
MinimumVisualStudioVersion = 10.0.40219.1
Project("{FAE04EC0-301F-11D3-BF4B-00C04F79EFBC}") = "WebApplication_29-9", "WebApplication_29-9.csproj", "{43F734CD-A2C3-49B9-AD52-24A563A6BFF9}"
EndProject
Global
	GlobalSection(SolutionConfigurationPlatforms) = preSolution
		Debug|Any CPU = Debug|Any CPU
		Release|Any CPU = Release|Any CPU
	EndGlobalSection
	GlobalSection(ProjectConfigurationPlatforms) = postSolution
		{43F734CD-A2C3-49B9-AD52-24A563A6BFF9}.Debug|Any CPU.ActiveCfg = Debug|Any CPU
		{43F734CD-A2C3-49B9-AD52-24A563A6BFF9}.Debug|Any CPU.Build.0 = Debug|Any CPU
		{43F734CD-A2C3-49B9-AD52-24A563A6BFF9}.Release|Any CPU.ActiveCfg = Release|Any CPU
		{43F734CD-A2C3-49B9-AD52-24A563A6BFF9}.Release|Any CPU.Build.0 = Release|Any CPU
	EndGlobalSection
	GlobalSection(SolutionProperties) = preSolution
		HideSolutionNode = FALSE
	EndGlobalSection
	GlobalSection(ExtensibilityGlobals) = postSolution
		SolutionGuid = {E4E5891C-D251-47BB-A7BC-4704A23A4879}
	EndGlobalSection
EndGlobal
